
Microsoft Visual Studio Solution File, Format Version 12.00
# Visual Studio 2012
Project("{FAE04EC0-301F-11D3-BF4B-00C04F79EFBC}") = "Hextasy", "Hextasy\Hextasy.csproj", "{F1A2186A-9020-4289-881B-2139A022ECC9}"
EndProject
Project("{FAE04EC0-301F-11D3-BF4B-00C04F79EFBC}") = "Hextasy.LightsOff", "Hextasy.LightsOff\Hextasy.LightsOff.csproj", "{4DDAF828-7805-4E58-9596-8C935C638175}"
EndProject
Project("{FAE04EC0-301F-11D3-BF4B-00C04F79EFBC}") = "Hextasy.Framework", "Hextasy.Framework\Hextasy.Framework.csproj", "{870BE3B8-1F0E-4422-A3B5-FDE8BAB6FDA3}"
EndProject
Project("{2150E333-8FDC-42A3-9474-1A3956D46DE8}") = ".nuget", ".nuget", "{9D2BD368-D9B9-4FB9-8D17-1A7887A49B03}"
	ProjectSection(SolutionItems) = preProject
		.nuget\NuGet.Config = .nuget\NuGet.Config
		.nuget\NuGet.exe = .nuget\NuGet.exe
		.nuget\NuGet.targets = .nuget\NuGet.targets
	EndProjectSection
EndProject
Project("{FAE04EC0-301F-11D3-BF4B-00C04F79EFBC}") = "Hextasy.XInARow", "Hextasy.XInARow\Hextasy.XInARow.csproj", "{A30347E1-EA0E-4945-A50A-98F37BFD79B2}"
EndProject
Project("{2150E333-8FDC-42A3-9474-1A3956D46DE8}") = "Games", "Games", "{55D77D55-902E-464E-9CD3-BDBD31641C81}"
EndProject
Project("{FAE04EC0-301F-11D3-BF4B-00C04F79EFBC}") = "Hextasy.Test", "Hextasy.Test\Hextasy.Test.csproj", "{931598BE-EAC3-4D23-BF82-F78C21C88F4F}"
EndProject
Project("{2150E333-8FDC-42A3-9474-1A3956D46DE8}") = "Core", "Core", "{9ED337EB-6250-4A60-ADB1-D19296E2308D}"
EndProject
Project("{FAE04EC0-301F-11D3-BF4B-00C04F79EFBC}") = "Hextasy.JumpToKill", "Hextasy.JumpToKill\Hextasy.JumpToKill.csproj", "{F3E4C333-CB73-444F-8640-517C96D76DB2}"
EndProject
Project("{FAE04EC0-301F-11D3-BF4B-00C04F79EFBC}") = "Hextasy.Halma", "Hextasy.Halma\Hextasy.Halma.csproj", "{B6FCD5DC-E9F4-466E-9A32-B2FB69F15F4C}"
EndProject
Project("{FAE04EC0-301F-11D3-BF4B-00C04F79EFBC}") = "Hextasy.Trains", "Hextasy.Trains\Hextasy.Trains.csproj", "{8AD4738D-0FC5-4B1F-AB22-9F3D0EC379A9}"
EndProject
Project("{2150E333-8FDC-42A3-9474-1A3956D46DE8}") = "Tools", "Tools", "{CDE2A1EE-83B2-4D68-A7BA-711B19E0D80A}"
EndProject
Project("{FAE04EC0-301F-11D3-BF4B-00C04F79EFBC}") = "Hextasy.MapExporter", "Hextasy.MapExporter\Hextasy.MapExporter.csproj", "{39B9193E-B167-4004-8555-0396A75105C7}"
EndProject
Project("{FAE04EC0-301F-11D3-BF4B-00C04F79EFBC}") = "Hextasy.CardWars", "Hextasy.CardWars\Hextasy.CardWars.csproj", "{AD3B527C-225A-4A10-A5F2-F86235CA1754}"
EndProject
Project("{FAE04EC0-301F-11D3-BF4B-00C04F79EFBC}") = "Hextasy.CardWarsViewer", "Hextasy.CardWarsViewer\Hextasy.CardWarsViewer.csproj", "{7C443FFE-19E1-426A-B591-129D065EF44A}"
EndProject
Project("{FAE04EC0-301F-11D3-BF4B-00C04F79EFBC}") = "Hextasy.CardWarsSimulator", "Hextasy.CardWarsSimulator\Hextasy.CardWarsSimulator.csproj", "{47C2560A-1E0C-4F8A-B371-76A2BB4371E1}"
EndProject
Project("{2150E333-8FDC-42A3-9474-1A3956D46DE8}") = "Solution Items", "Solution Items", "{83381DD9-E7F0-4DD9-8E03-BD0A202A3656}"
	ProjectSection(SolutionItems) = preProject
		PerformanceProfiling.psess = PerformanceProfiling.psess
	EndProjectSection
EndProject
Project("{FAE04EC0-301F-11D3-BF4B-00C04F79EFBC}") = "Hextasy.CardWarsTestApp", "Hextasy.CardWarsTestApp\Hextasy.CardWarsTestApp.csproj", "{589657D1-28ED-4063-8C32-325D79915D52}"
EndProject
Global
	GlobalSection(SolutionConfigurationPlatforms) = preSolution
		Debug|Any CPU = Debug|Any CPU
		Release|Any CPU = Release|Any CPU
	EndGlobalSection
	GlobalSection(ProjectConfigurationPlatforms) = postSolution
		{F1A2186A-9020-4289-881B-2139A022ECC9}.Debug|Any CPU.ActiveCfg = Debug|Any CPU
		{F1A2186A-9020-4289-881B-2139A022ECC9}.Debug|Any CPU.Build.0 = Debug|Any CPU
		{F1A2186A-9020-4289-881B-2139A022ECC9}.Release|Any CPU.ActiveCfg = Release|Any CPU
		{F1A2186A-9020-4289-881B-2139A022ECC9}.Release|Any CPU.Build.0 = Release|Any CPU
		{4DDAF828-7805-4E58-9596-8C935C638175}.Debug|Any CPU.ActiveCfg = Debug|Any CPU
		{4DDAF828-7805-4E58-9596-8C935C638175}.Debug|Any CPU.Build.0 = Debug|Any CPU
		{4DDAF828-7805-4E58-9596-8C935C638175}.Release|Any CPU.ActiveCfg = Release|Any CPU
		{4DDAF828-7805-4E58-9596-8C935C638175}.Release|Any CPU.Build.0 = Release|Any CPU
		{870BE3B8-1F0E-4422-A3B5-FDE8BAB6FDA3}.Debug|Any CPU.ActiveCfg = Debug|Any CPU
		{870BE3B8-1F0E-4422-A3B5-FDE8BAB6FDA3}.Debug|Any CPU.Build.0 = Debug|Any CPU
		{870BE3B8-1F0E-4422-A3B5-FDE8BAB6FDA3}.Release|Any CPU.ActiveCfg = Release|Any CPU
		{870BE3B8-1F0E-4422-A3B5-FDE8BAB6FDA3}.Release|Any CPU.Build.0 = Release|Any CPU
		{A30347E1-EA0E-4945-A50A-98F37BFD79B2}.Debug|Any CPU.ActiveCfg = Debug|Any CPU
		{A30347E1-EA0E-4945-A50A-98F37BFD79B2}.Debug|Any CPU.Build.0 = Debug|Any CPU
		{A30347E1-EA0E-4945-A50A-98F37BFD79B2}.Release|Any CPU.ActiveCfg = Release|Any CPU
		{A30347E1-EA0E-4945-A50A-98F37BFD79B2}.Release|Any CPU.Build.0 = Release|Any CPU
		{931598BE-EAC3-4D23-BF82-F78C21C88F4F}.Debug|Any CPU.ActiveCfg = Debug|Any CPU
		{931598BE-EAC3-4D23-BF82-F78C21C88F4F}.Debug|Any CPU.Build.0 = Debug|Any CPU
		{931598BE-EAC3-4D23-BF82-F78C21C88F4F}.Release|Any CPU.ActiveCfg = Release|Any CPU
		{931598BE-EAC3-4D23-BF82-F78C21C88F4F}.Release|Any CPU.Build.0 = Release|Any CPU
		{F3E4C333-CB73-444F-8640-517C96D76DB2}.Debug|Any CPU.ActiveCfg = Debug|Any CPU
		{F3E4C333-CB73-444F-8640-517C96D76DB2}.Debug|Any CPU.Build.0 = Debug|Any CPU
		{F3E4C333-CB73-444F-8640-517C96D76DB2}.Release|Any CPU.ActiveCfg = Release|Any CPU
		{F3E4C333-CB73-444F-8640-517C96D76DB2}.Release|Any CPU.Build.0 = Release|Any CPU
		{B6FCD5DC-E9F4-466E-9A32-B2FB69F15F4C}.Debug|Any CPU.ActiveCfg = Debug|Any CPU
		{B6FCD5DC-E9F4-466E-9A32-B2FB69F15F4C}.Debug|Any CPU.Build.0 = Debug|Any CPU
		{B6FCD5DC-E9F4-466E-9A32-B2FB69F15F4C}.Release|Any CPU.ActiveCfg = Release|Any CPU
		{B6FCD5DC-E9F4-466E-9A32-B2FB69F15F4C}.Release|Any CPU.Build.0 = Release|Any CPU
		{8AD4738D-0FC5-4B1F-AB22-9F3D0EC379A9}.Debug|Any CPU.ActiveCfg = Debug|Any CPU
		{8AD4738D-0FC5-4B1F-AB22-9F3D0EC379A9}.Debug|Any CPU.Build.0 = Debug|Any CPU
		{8AD4738D-0FC5-4B1F-AB22-9F3D0EC379A9}.Release|Any CPU.ActiveCfg = Release|Any CPU
		{8AD4738D-0FC5-4B1F-AB22-9F3D0EC379A9}.Release|Any CPU.Build.0 = Release|Any CPU
		{39B9193E-B167-4004-8555-0396A75105C7}.Debug|Any CPU.ActiveCfg = Debug|Any CPU
		{39B9193E-B167-4004-8555-0396A75105C7}.Debug|Any CPU.Build.0 = Debug|Any CPU
		{39B9193E-B167-4004-8555-0396A75105C7}.Release|Any CPU.ActiveCfg = Release|Any CPU
		{39B9193E-B167-4004-8555-0396A75105C7}.Release|Any CPU.Build.0 = Release|Any CPU
		{AD3B527C-225A-4A10-A5F2-F86235CA1754}.Debug|Any CPU.ActiveCfg = Debug|Any CPU
		{AD3B527C-225A-4A10-A5F2-F86235CA1754}.Debug|Any CPU.Build.0 = Debug|Any CPU
		{AD3B527C-225A-4A10-A5F2-F86235CA1754}.Release|Any CPU.ActiveCfg = Release|Any CPU
		{AD3B527C-225A-4A10-A5F2-F86235CA1754}.Release|Any CPU.Build.0 = Release|Any CPU
		{7C443FFE-19E1-426A-B591-129D065EF44A}.Debug|Any CPU.ActiveCfg = Debug|Any CPU
		{7C443FFE-19E1-426A-B591-129D065EF44A}.Debug|Any CPU.Build.0 = Debug|Any CPU
		{7C443FFE-19E1-426A-B591-129D065EF44A}.Release|Any CPU.ActiveCfg = Release|Any CPU
		{7C443FFE-19E1-426A-B591-129D065EF44A}.Release|Any CPU.Build.0 = Release|Any CPU
		{47C2560A-1E0C-4F8A-B371-76A2BB4371E1}.Debug|Any CPU.ActiveCfg = Debug|Any CPU
		{47C2560A-1E0C-4F8A-B371-76A2BB4371E1}.Debug|Any CPU.Build.0 = Debug|Any CPU
		{47C2560A-1E0C-4F8A-B371-76A2BB4371E1}.Release|Any CPU.ActiveCfg = Release|Any CPU
		{47C2560A-1E0C-4F8A-B371-76A2BB4371E1}.Release|Any CPU.Build.0 = Release|Any CPU
		{589657D1-28ED-4063-8C32-325D79915D52}.Debug|Any CPU.ActiveCfg = Debug|Any CPU
		{589657D1-28ED-4063-8C32-325D79915D52}.Debug|Any CPU.Build.0 = Debug|Any CPU
		{589657D1-28ED-4063-8C32-325D79915D52}.Release|Any CPU.ActiveCfg = Release|Any CPU
		{589657D1-28ED-4063-8C32-325D79915D52}.Release|Any CPU.Build.0 = Release|Any CPU
	EndGlobalSection
	GlobalSection(SolutionProperties) = preSolution
		HideSolutionNode = FALSE
	EndGlobalSection
	GlobalSection(NestedProjects) = preSolution
		{870BE3B8-1F0E-4422-A3B5-FDE8BAB6FDA3} = {9ED337EB-6250-4A60-ADB1-D19296E2308D}
		{931598BE-EAC3-4D23-BF82-F78C21C88F4F} = {9ED337EB-6250-4A60-ADB1-D19296E2308D}
		{F1A2186A-9020-4289-881B-2139A022ECC9} = {9ED337EB-6250-4A60-ADB1-D19296E2308D}
		{A30347E1-EA0E-4945-A50A-98F37BFD79B2} = {55D77D55-902E-464E-9CD3-BDBD31641C81}
		{4DDAF828-7805-4E58-9596-8C935C638175} = {55D77D55-902E-464E-9CD3-BDBD31641C81}
		{F3E4C333-CB73-444F-8640-517C96D76DB2} = {55D77D55-902E-464E-9CD3-BDBD31641C81}
		{B6FCD5DC-E9F4-466E-9A32-B2FB69F15F4C} = {55D77D55-902E-464E-9CD3-BDBD31641C81}
		{8AD4738D-0FC5-4B1F-AB22-9F3D0EC379A9} = {55D77D55-902E-464E-9CD3-BDBD31641C81}
		{AD3B527C-225A-4A10-A5F2-F86235CA1754} = {55D77D55-902E-464E-9CD3-BDBD31641C81}
		{39B9193E-B167-4004-8555-0396A75105C7} = {CDE2A1EE-83B2-4D68-A7BA-711B19E0D80A}
		{7C443FFE-19E1-426A-B591-129D065EF44A} = {CDE2A1EE-83B2-4D68-A7BA-711B19E0D80A}
		{47C2560A-1E0C-4F8A-B371-76A2BB4371E1} = {CDE2A1EE-83B2-4D68-A7BA-711B19E0D80A}
		{589657D1-28ED-4063-8C32-325D79915D52} = {CDE2A1EE-83B2-4D68-A7BA-711B19E0D80A}
	EndGlobalSection
EndGlobal
